
Microsoft Visual Studio Solution File, Format Version 12.00
# Visual Studio Version 17
VisualStudioVersion = 17.6.33723.286
MinimumVisualStudioVersion = 10.0.40219.1
Project("{FAE04EC0-301F-11D3-BF4B-00C04F79EFBC}") = "Admin Privilege", "Admin Privilege\Admin Privilege.csproj", "{05E52252-EFDB-41B1-B4A7-DE00F59818CB}"
EndProject
Global
	GlobalSection(SolutionConfigurationPlatforms) = preSolution
		Debug|Any CPU = Debug|Any CPU
		Release|Any CPU = Release|Any CPU
	EndGlobalSection
	GlobalSection(ProjectConfigurationPlatforms) = postSolution
		{05E52252-EFDB-41B1-B4A7-DE00F59818CB}.Debug|Any CPU.ActiveCfg = Debug|Any CPU
		{05E52252-EFDB-41B1-B4A7-DE00F59818CB}.Debug|Any CPU.Build.0 = Debug|Any CPU
		{05E52252-EFDB-41B1-B4A7-DE00F59818CB}.Release|Any CPU.ActiveCfg = Release|Any CPU
		{05E52252-EFDB-41B1-B4A7-DE00F59818CB}.Release|Any CPU.Build.0 = Release|Any CPU
	EndGlobalSection
	GlobalSection(SolutionProperties) = preSolution
		HideSolutionNode = FALSE
	EndGlobalSection
	GlobalSection(ExtensibilityGlobals) = postSolution
		SolutionGuid = {B6ACCFF7-0495-4DAD-8C21-47DCD7B43E80}
	EndGlobalSection
EndGlobal
